{
  "object": {
    "pins": [
      {
        "package": "BSON",
        "repositoryURL": "https://github.com/OpenKitten/BSON.git",
        "state": {
          "branch": null,
          "revision": "4efeda0fd802c3bbdaffce264f05a50e12b436c1",
          "version": "5.1.4"
        }
      },
      {
        "package": "Cheetah",
        "repositoryURL": "https://github.com/OpenKitten/Cheetah.git",
        "state": {
          "branch": null,
          "revision": "b7e3bf3de9fe487cd5f07ac67d57d8bf730cb0c7",
          "version": "1.0.3"
        }
      },
      {
        "package": "JSON",
        "repositoryURL": "https://github.com/tris-foundation/json.git",
        "state": {
          "branch": null,
          "revision": "fce7612531e612e9f69de2a39d808fe77b4613fd",
          "version": "0.4.3"
        }
      },
      {
        "package": "KittenCore",
        "repositoryURL": "https://github.com/OpenKitten/KittenCore.git",
        "state": {
          "branch": null,
          "revision": "ca1d4d3873a51dc24aba4f52df5a98d4401d2dcb",
          "version": "0.2.3"
        }
      },
      {
        "package": "MongoKitten",
        "repositoryURL": "https://github.com/OpenKitten/MongoKitten.git",
        "state": {
          "branch": "swift4",
          "revision": "2ab0684e97a32f414468cbaacb6077b11def4b86",
          "version": null
        }
      },
      {
        "package": "Schrodinger",
        "repositoryURL": "https://github.com/OpenKitten/Schrodinger.git",
        "state": {
          "branch": null,
          "revision": "d7030fe0a4a6eeddc02044650a8b409a4f57365a",
          "version": "1.0.1"
        }
      },
      {
        "package": "Test",
        "repositoryURL": "https://github.com/tris-foundation/test.git",
        "state": {
          "branch": null,
          "revision": "817c01f8f53c988b5cfe55e4edbc85a9f1d00837",
          "version": "0.4.3"
        }
      }
    ]
  },
  "version": 1
}
